
Microsoft Visual Studio Solution File, Format Version 12.00
# Visual Studio Version 17
VisualStudioVersion = 17.10.35122.118
MinimumVisualStudioVersion = 10.0.40219.1
Project("{9A19103F-16F7-4668-BE54-9A1E7A4F7556}") = "E-CommerceMVC", "E-CommerceMVC\E-CommerceMVC.csproj", "{4BDF9E3A-C569-4D19-BE05-B253F18C88EC}"
EndProject
Global
	GlobalSection(SolutionConfigurationPlatforms) = preSolution
		Debug|Any CPU = Debug|Any CPU
		Release|Any CPU = Release|Any CPU
	EndGlobalSection
	GlobalSection(ProjectConfigurationPlatforms) = postSolution
		{4BDF9E3A-C569-4D19-BE05-B253F18C88EC}.Debug|Any CPU.ActiveCfg = Debug|Any CPU
		{4BDF9E3A-C569-4D19-BE05-B253F18C88EC}.Debug|Any CPU.Build.0 = Debug|Any CPU
		{4BDF9E3A-C569-4D19-BE05-B253F18C88EC}.Release|Any CPU.ActiveCfg = Release|Any CPU
		{4BDF9E3A-C569-4D19-BE05-B253F18C88EC}.Release|Any CPU.Build.0 = Release|Any CPU
	EndGlobalSection
	GlobalSection(SolutionProperties) = preSolution
		HideSolutionNode = FALSE
	EndGlobalSection
	GlobalSection(ExtensibilityGlobals) = postSolution
		SolutionGuid = {AC8AFF46-8ABA-421B-9CAE-1EF926ECF337}
	EndGlobalSection
EndGlobal
